
Microsoft Visual Studio Solution File, Format Version 12.00
# Visual Studio Version 17
VisualStudioVersion = 17.6.33723.286
MinimumVisualStudioVersion = 10.0.40219.1
Project("{FAE04EC0-301F-11D3-BF4B-00C04F79EFBC}") = "SmoothieShopAPI", "SmoothieShopAPI.csproj", "{2919B9BB-F25C-49C1-955B-997175BB77FD}"
EndProject
Global
	GlobalSection(SolutionConfigurationPlatforms) = preSolution
		Debug|Any CPU = Debug|Any CPU
		Release|Any CPU = Release|Any CPU
	EndGlobalSection
	GlobalSection(ProjectConfigurationPlatforms) = postSolution
		{2919B9BB-F25C-49C1-955B-997175BB77FD}.Debug|Any CPU.ActiveCfg = Debug|Any CPU
		{2919B9BB-F25C-49C1-955B-997175BB77FD}.Debug|Any CPU.Build.0 = Debug|Any CPU
		{2919B9BB-F25C-49C1-955B-997175BB77FD}.Release|Any CPU.ActiveCfg = Release|Any CPU
		{2919B9BB-F25C-49C1-955B-997175BB77FD}.Release|Any CPU.Build.0 = Release|Any CPU
	EndGlobalSection
	GlobalSection(SolutionProperties) = preSolution
		HideSolutionNode = FALSE
	EndGlobalSection
	GlobalSection(ExtensibilityGlobals) = postSolution
		SolutionGuid = {7EAD8E53-AF40-4B4F-BC77-BBC5949EAD2E}
	EndGlobalSection
EndGlobal
